
Microsoft Visual Studio Solution File, Format Version 12.00
# Visual Studio Version 17
VisualStudioVersion = 17.3.32819.101
MinimumVisualStudioVersion = 10.0.40219.1
Project("{FAE04EC0-301F-11D3-BF4B-00C04F79EFBC}") = "DataAccess", "DataAccess\DataAccess.csproj", "{B2DF7519-86A4-40BA-8A81-DCFFB1106FBF}"
EndProject
Project("{FAE04EC0-301F-11D3-BF4B-00C04F79EFBC}") = "Business", "Business\Business.csproj", "{B7F04D54-C4F2-435F-9B7B-ADD3BDD03380}"
EndProject
Project("{FAE04EC0-301F-11D3-BF4B-00C04F79EFBC}") = "Entities", "Entities\Entities.csproj", "{11630DC2-29D9-4832-9327-33BD18489FEE}"
EndProject
Project("{FAE04EC0-301F-11D3-BF4B-00C04F79EFBC}") = "ConsoleUI", "ConsoleUI\ConsoleUI.csproj", "{506EF156-49B5-478A-BA35-C1B450278A45}"
EndProject
Global
	GlobalSection(SolutionConfigurationPlatforms) = preSolution
		Debug|Any CPU = Debug|Any CPU
		Release|Any CPU = Release|Any CPU
	EndGlobalSection
	GlobalSection(ProjectConfigurationPlatforms) = postSolution
		{B2DF7519-86A4-40BA-8A81-DCFFB1106FBF}.Debug|Any CPU.ActiveCfg = Debug|Any CPU
		{B2DF7519-86A4-40BA-8A81-DCFFB1106FBF}.Debug|Any CPU.Build.0 = Debug|Any CPU
		{B2DF7519-86A4-40BA-8A81-DCFFB1106FBF}.Release|Any CPU.ActiveCfg = Release|Any CPU
		{B2DF7519-86A4-40BA-8A81-DCFFB1106FBF}.Release|Any CPU.Build.0 = Release|Any CPU
		{B7F04D54-C4F2-435F-9B7B-ADD3BDD03380}.Debug|Any CPU.ActiveCfg = Debug|Any CPU
		{B7F04D54-C4F2-435F-9B7B-ADD3BDD03380}.Debug|Any CPU.Build.0 = Debug|Any CPU
		{B7F04D54-C4F2-435F-9B7B-ADD3BDD03380}.Release|Any CPU.ActiveCfg = Release|Any CPU
		{B7F04D54-C4F2-435F-9B7B-ADD3BDD03380}.Release|Any CPU.Build.0 = Release|Any CPU
		{11630DC2-29D9-4832-9327-33BD18489FEE}.Debug|Any CPU.ActiveCfg = Debug|Any CPU
		{11630DC2-29D9-4832-9327-33BD18489FEE}.Debug|Any CPU.Build.0 = Debug|Any CPU
		{11630DC2-29D9-4832-9327-33BD18489FEE}.Release|Any CPU.ActiveCfg = Release|Any CPU
		{11630DC2-29D9-4832-9327-33BD18489FEE}.Release|Any CPU.Build.0 = Release|Any CPU
		{506EF156-49B5-478A-BA35-C1B450278A45}.Debug|Any CPU.ActiveCfg = Debug|Any CPU
		{506EF156-49B5-478A-BA35-C1B450278A45}.Debug|Any CPU.Build.0 = Debug|Any CPU
		{506EF156-49B5-478A-BA35-C1B450278A45}.Release|Any CPU.ActiveCfg = Release|Any CPU
		{506EF156-49B5-478A-BA35-C1B450278A45}.Release|Any CPU.Build.0 = Release|Any CPU
	EndGlobalSection
	GlobalSection(SolutionProperties) = preSolution
		HideSolutionNode = FALSE
	EndGlobalSection
	GlobalSection(ExtensibilityGlobals) = postSolution
		SolutionGuid = {83A819AB-2DBF-4307-AB93-DB813DD7965B}
	EndGlobalSection
EndGlobal
